
Microsoft Visual Studio Solution File, Format Version 12.00
# Visual Studio Version 17
VisualStudioVersion = 17.7.34024.191
MinimumVisualStudioVersion = 10.0.40219.1
Project("{8BC9CEB8-8B4A-11D0-8D11-00A0C91BC942}") = "Example1", "Example1\Example1.vcxproj", "{24FAC8E9-8D00-4130-A559-8056B7923512}"
EndProject
Global
	GlobalSection(SolutionConfigurationPlatforms) = preSolution
		Debug|ARM64 = Debug|ARM64
		Debug|x64 = Debug|x64
		Debug|x86 = Debug|x86
		Release|ARM64 = Release|ARM64
		Release|x64 = Release|x64
		Release|x86 = Release|x86
	EndGlobalSection
	GlobalSection(ProjectConfigurationPlatforms) = postSolution
		{24FAC8E9-8D00-4130-A559-8056B7923512}.Debug|ARM64.ActiveCfg = Debug|ARM64
		{24FAC8E9-8D00-4130-A559-8056B7923512}.Debug|ARM64.Build.0 = Debug|ARM64
		{24FAC8E9-8D00-4130-A559-8056B7923512}.Debug|x64.ActiveCfg = Debug|x64
		{24FAC8E9-8D00-4130-A559-8056B7923512}.Debug|x64.Build.0 = Debug|x64
		{24FAC8E9-8D00-4130-A559-8056B7923512}.Debug|x86.ActiveCfg = Debug|Win32
		{24FAC8E9-8D00-4130-A559-8056B7923512}.Debug|x86.Build.0 = Debug|Win32
		{24FAC8E9-8D00-4130-A559-8056B7923512}.Release|ARM64.ActiveCfg = Release|ARM64
		{24FAC8E9-8D00-4130-A559-8056B7923512}.Release|ARM64.Build.0 = Release|ARM64
		{24FAC8E9-8D00-4130-A559-8056B7923512}.Release|x64.ActiveCfg = Release|x64
		{24FAC8E9-8D00-4130-A559-8056B7923512}.Release|x64.Build.0 = Release|x64
		{24FAC8E9-8D00-4130-A559-8056B7923512}.Release|x86.ActiveCfg = Release|Win32
		{24FAC8E9-8D00-4130-A559-8056B7923512}.Release|x86.Build.0 = Release|Win32
	EndGlobalSection
	GlobalSection(SolutionProperties) = preSolution
		HideSolutionNode = FALSE
	EndGlobalSection
	GlobalSection(ExtensibilityGlobals) = postSolution
		SolutionGuid = {BBC16C66-A288-48E6-BB07-38ED04E703CE}
	EndGlobalSection
EndGlobal
